
Microsoft Visual Studio Solution File, Format Version 12.00
# Visual Studio Version 17
VisualStudioVersion = 17.9.34723.18
MinimumVisualStudioVersion = 10.0.40219.1
Project("{FAE04EC0-301F-11D3-BF4B-00C04F79EFBC}") = "Prog120_Assignment_Arrays", "Prog120_Assignment_Arrays.csproj", "{62E4A5EC-0683-456B-8D0C-2D2718B88842}"
EndProject
Global
	GlobalSection(SolutionConfigurationPlatforms) = preSolution
		Debug|Any CPU = Debug|Any CPU
		Release|Any CPU = Release|Any CPU
	EndGlobalSection
	GlobalSection(ProjectConfigurationPlatforms) = postSolution
		{62E4A5EC-0683-456B-8D0C-2D2718B88842}.Debug|Any CPU.ActiveCfg = Debug|Any CPU
		{62E4A5EC-0683-456B-8D0C-2D2718B88842}.Debug|Any CPU.Build.0 = Debug|Any CPU
		{62E4A5EC-0683-456B-8D0C-2D2718B88842}.Release|Any CPU.ActiveCfg = Release|Any CPU
		{62E4A5EC-0683-456B-8D0C-2D2718B88842}.Release|Any CPU.Build.0 = Release|Any CPU
	EndGlobalSection
	GlobalSection(SolutionProperties) = preSolution
		HideSolutionNode = FALSE
	EndGlobalSection
	GlobalSection(ExtensibilityGlobals) = postSolution
		SolutionGuid = {A38C6EC7-4E82-4BF1-A4D7-3545B77C07C1}
	EndGlobalSection
EndGlobal
